
Microsoft Visual Studio Solution File, Format Version 12.00
# Visual Studio Version 17
VisualStudioVersion = 17.12.35424.110
MinimumVisualStudioVersion = 10.0.40219.1
Project("{FAE04EC0-301F-11D3-BF4B-00C04F79EFBC}") = "SharpBoxesCore", "SharpBoxesCore.csproj", "{BA647058-0B22-41C4-BEBC-3F3D8445D7E3}"
EndProject
Project("{FAE04EC0-301F-11D3-BF4B-00C04F79EFBC}") = "Sample", "..\SharpBoxesCoreSample\Sample.csproj", "{22AEAA7C-668B-441E-B573-52A8688EE5F6}"
EndProject
Project("{FAE04EC0-301F-11D3-BF4B-00C04F79EFBC}") = "WindowsFormsApp1", "..\SharpBoxesCoreSample\Winform\WindowsFormsApp1\WindowsFormsApp1.csproj", "{9034421E-8FD0-4AE1-ABA5-FE1E893D48F2}"
EndProject
Global
	GlobalSection(SolutionConfigurationPlatforms) = preSolution
		Debug|Any CPU = Debug|Any CPU
		Release|Any CPU = Release|Any CPU
	EndGlobalSection
	GlobalSection(ProjectConfigurationPlatforms) = postSolution
		{BA647058-0B22-41C4-BEBC-3F3D8445D7E3}.Debug|Any CPU.ActiveCfg = Debug|Any CPU
		{BA647058-0B22-41C4-BEBC-3F3D8445D7E3}.Debug|Any CPU.Build.0 = Debug|Any CPU
		{BA647058-0B22-41C4-BEBC-3F3D8445D7E3}.Release|Any CPU.ActiveCfg = Release|Any CPU
		{BA647058-0B22-41C4-BEBC-3F3D8445D7E3}.Release|Any CPU.Build.0 = Release|Any CPU
		{22AEAA7C-668B-441E-B573-52A8688EE5F6}.Debug|Any CPU.ActiveCfg = Debug|Any CPU
		{22AEAA7C-668B-441E-B573-52A8688EE5F6}.Debug|Any CPU.Build.0 = Debug|Any CPU
		{22AEAA7C-668B-441E-B573-52A8688EE5F6}.Release|Any CPU.ActiveCfg = Release|Any CPU
		{22AEAA7C-668B-441E-B573-52A8688EE5F6}.Release|Any CPU.Build.0 = Release|Any CPU
		{9034421E-8FD0-4AE1-ABA5-FE1E893D48F2}.Debug|Any CPU.ActiveCfg = Debug|Any CPU
		{9034421E-8FD0-4AE1-ABA5-FE1E893D48F2}.Debug|Any CPU.Build.0 = Debug|Any CPU
		{9034421E-8FD0-4AE1-ABA5-FE1E893D48F2}.Release|Any CPU.ActiveCfg = Release|Any CPU
		{9034421E-8FD0-4AE1-ABA5-FE1E893D48F2}.Release|Any CPU.Build.0 = Release|Any CPU
	EndGlobalSection
	GlobalSection(SolutionProperties) = preSolution
		HideSolutionNode = FALSE
	EndGlobalSection
	GlobalSection(ExtensibilityGlobals) = postSolution
		SolutionGuid = {896E7570-1DF8-4F2F-9BDC-B4123F0078E7}
	EndGlobalSection
EndGlobal
